
Microsoft Visual Studio Solution File, Format Version 10.00
# Visual Studio 2008
Project("{8BC9CEB8-8B4A-11D0-8D11-00A0C91BC942}") = "MACMSharedMemorySample", "MACMSharedMemorySample.vcproj", "{D423A65B-E25F-4D36-BCA7-6145B5503A85}"
EndProject
Global
	GlobalSection(SolutionConfigurationPlatforms) = preSolution
		Debug|Win32 = Debug|Win32
		Release|Win32 = Release|Win32
	EndGlobalSection
	GlobalSection(ProjectConfigurationPlatforms) = postSolution
		{D423A65B-E25F-4D36-BCA7-6145B5503A85}.Debug|Win32.ActiveCfg = Debug|Win32
		{D423A65B-E25F-4D36-BCA7-6145B5503A85}.Debug|Win32.Build.0 = Debug|Win32
		{D423A65B-E25F-4D36-BCA7-6145B5503A85}.Release|Win32.ActiveCfg = Release|Win32
		{D423A65B-E25F-4D36-BCA7-6145B5503A85}.Release|Win32.Build.0 = Release|Win32
	EndGlobalSection
	GlobalSection(SolutionProperties) = preSolution
		HideSolutionNode = FALSE
	EndGlobalSection
EndGlobal
